
Microsoft Visual Studio Solution File, Format Version 12.00
# Visual Studio Version 16
VisualStudioVersion = 16.0.31613.86
MinimumVisualStudioVersion = 10.0.40219.1
Project("{9A19103F-16F7-4668-BE54-9A1E7A4F7556}") = "DataBaseFirst", "DataBaseFirst\DataBaseFirst.csproj", "{1A78CA31-5A60-4840-A56E-B90072733B79}"
EndProject
Global
	GlobalSection(SolutionConfigurationPlatforms) = preSolution
		Debug|Any CPU = Debug|Any CPU
		Release|Any CPU = Release|Any CPU
	EndGlobalSection
	GlobalSection(ProjectConfigurationPlatforms) = postSolution
		{1A78CA31-5A60-4840-A56E-B90072733B79}.Debug|Any CPU.ActiveCfg = Debug|Any CPU
		{1A78CA31-5A60-4840-A56E-B90072733B79}.Debug|Any CPU.Build.0 = Debug|Any CPU
		{1A78CA31-5A60-4840-A56E-B90072733B79}.Release|Any CPU.ActiveCfg = Release|Any CPU
		{1A78CA31-5A60-4840-A56E-B90072733B79}.Release|Any CPU.Build.0 = Release|Any CPU
	EndGlobalSection
	GlobalSection(SolutionProperties) = preSolution
		HideSolutionNode = FALSE
	EndGlobalSection
	GlobalSection(ExtensibilityGlobals) = postSolution
		SolutionGuid = {6DF8EA0B-E648-44D1-B21A-306C213173AE}
	EndGlobalSection
EndGlobal
